
name: "Seth Bullock"

affiliations:
  - name: university of bristol (uk) email "seth.bullock at bristol.ac.uk"

websites:
    homepage: seis.bristol.ac.uk/~sb15704/

social_media:
  mastodon: https://fediscience.org/@sethbullock
  twitter: https://x.com/_SethBullock_
  threads:
  bluesky: https://bsky.app/profile/seth-bullock.bsky.social
